
Microsoft Visual Studio Solution File, Format Version 12.00
# Visual Studio Version 16
VisualStudioVersion = 16.0.32228.343
MinimumVisualStudioVersion = 10.0.40219.1
Project("{FAE04EC0-301F-11D3-BF4B-00C04F79EFBC}") = "SinavSistemi", "SinavSistemi\SinavSistemi.csproj", "{9C1A7689-7C2F-4E99-A218-F8107BA25967}"
EndProject
Global
	GlobalSection(SolutionConfigurationPlatforms) = preSolution
		Debug|Any CPU = Debug|Any CPU
		Release|Any CPU = Release|Any CPU
	EndGlobalSection
	GlobalSection(ProjectConfigurationPlatforms) = postSolution
		{9C1A7689-7C2F-4E99-A218-F8107BA25967}.Debug|Any CPU.ActiveCfg = Debug|Any CPU
		{9C1A7689-7C2F-4E99-A218-F8107BA25967}.Debug|Any CPU.Build.0 = Debug|Any CPU
		{9C1A7689-7C2F-4E99-A218-F8107BA25967}.Release|Any CPU.ActiveCfg = Release|Any CPU
		{9C1A7689-7C2F-4E99-A218-F8107BA25967}.Release|Any CPU.Build.0 = Release|Any CPU
	EndGlobalSection
	GlobalSection(SolutionProperties) = preSolution
		HideSolutionNode = FALSE
	EndGlobalSection
	GlobalSection(ExtensibilityGlobals) = postSolution
		SolutionGuid = {B0073291-3515-480C-ADC0-DA5DF05579C6}
	EndGlobalSection
EndGlobal
